{
  "nodes": {
    "dmenu-primamateria": {
      "inputs": {
        "nixpkgs": [
          "nixpkgs"
        ]
      },
      "locked": {
        "lastModified": 1643238321,
        "narHash": "sha256-MMRn23SrkEXUmgNXSMIloSfvx5EOZUUyRdN4b0PvoQs=",
        "owner": "PrimaMateria",
        "repo": "dmenu",
        "rev": "a6ebf08b2357a8c5e881f18302cd28341c8e186c",
        "type": "github"
      },
      "original": {
        "owner": "PrimaMateria",
        "repo": "dmenu",
        "type": "github"
      }
    },
    "home-manager": {
      "inputs": {
        "nixpkgs": [
          "nixpkgs"
        ],
        "utils": "utils"
      },
      "locked": {
        "lastModified": 1681092193,
        "narHash": "sha256-JerCqqOqbT2tBnXQW4EqwFl0hHnuZp21rIQ6lu/N4rI=",
        "owner": "nix-community",
        "repo": "home-manager",
        "rev": "f9edbedaf015013eb35f8caacbe0c9666bbc16af",
        "type": "github"
      },
      "original": {
        "owner": "nix-community",
        "ref": "release-22.11",
        "repo": "home-manager",
        "type": "github"
      }
    },
    "i3blocks-gcalcli": {
      "inputs": {
        "nixpkgs": [
          "nixpkgs"
        ]
      },
      "locked": {
        "lastModified": 1644784160,
        "narHash": "sha256-KXJH2Xxd8DmeY0mTvq9r/lTTlfLrBTtIeZhxAEFcD00=",
        "owner": "PrimaMateria",
        "repo": "i3blocks-gcalcli",
        "rev": "04069724084b23397161c0706eae254ade080f54",
        "type": "github"
      },
      "original": {
        "owner": "PrimaMateria",
        "repo": "i3blocks-gcalcli",
        "type": "github"
      }
    },
    "nixpkgs": {
      "locked": {
        "lastModified": 1685468986,
        "narHash": "sha256-YSj3K71KjRZgeL0hS3sYLYHI0g8aIVIf9lcsRMCIW2A=",
        "owner": "NixOS",
        "repo": "nixpkgs",
        "rev": "9af373a61647257d16ae6062cddaa9094d24920c",
        "type": "github"
      },
      "original": {
        "id": "nixpkgs",
        "ref": "nixos-22.11",
        "type": "indirect"
      }
    },
    "nixpkgs-unstable": {
      "locked": {
        "lastModified": 1685383865,
        "narHash": "sha256-3uQytfnotO6QJv3r04ajSXbEFMII0dUtw0uqYlZ4dbk=",
        "owner": "NixOS",
        "repo": "nixpkgs",
        "rev": "5e871d8aa6f57cc8e0dc087d1c5013f6e212b4ce",
        "type": "github"
      },
      "original": {
        "id": "nixpkgs",
        "ref": "nixos-unstable",
        "type": "indirect"
      }
    },
    "nixpkgs_2": {
      "locked": {
        "lastModified": 1654230545,
        "narHash": "sha256-8Vlwf0x8ow6pPOK2a04bT+pxIeRnM1+O0Xv9/CuDzRs=",
        "owner": "nixos",
        "repo": "nixpkgs",
        "rev": "236cc2971ac72acd90f0ae3a797f9f83098b17ec",
        "type": "github"
      },
      "original": {
        "owner": "nixos",
        "ref": "nixos-unstable",
        "repo": "nixpkgs",
        "type": "github"
      }
    },
    "nur": {
      "locked": {
        "lastModified": 1685612768,
        "narHash": "sha256-XD1LKFG1N/VpcqQ63lQd6LdPHPAl/XbbLa00p5hfMW4=",
        "owner": "nix-community",
        "repo": "NUR",
        "rev": "23621ea768b76cc7d98a1bd66f4bd90f049d9dda",
        "type": "github"
      },
      "original": {
        "owner": "nix-community",
        "repo": "NUR",
        "type": "github"
      }
    },
    "root": {
      "inputs": {
        "dmenu-primamateria": "dmenu-primamateria",
        "home-manager": "home-manager",
        "i3blocks-gcalcli": "i3blocks-gcalcli",
        "nixpkgs": "nixpkgs",
        "nixpkgs-unstable": "nixpkgs-unstable",
        "nur": "nur",
        "watson-jira-next": "watson-jira-next"
      }
    },
    "utils": {
      "locked": {
        "lastModified": 1667395993,
        "narHash": "sha256-nuEHfE/LcWyuSWnS8t12N1wc105Qtau+/OdUAjtQ0rA=",
        "owner": "numtide",
        "repo": "flake-utils",
        "rev": "5aed5285a952e0b949eb3ba02c12fa4fcfef535f",
        "type": "github"
      },
      "original": {
        "owner": "numtide",
        "repo": "flake-utils",
        "type": "github"
      }
    },
    "utils_2": {
      "locked": {
        "lastModified": 1653893745,
        "narHash": "sha256-0jntwV3Z8//YwuOjzhV2sgJJPt+HY6KhU7VZUL0fKZQ=",
        "owner": "numtide",
        "repo": "flake-utils",
        "rev": "1ed9fb1935d260de5fe1c2f7ee0ebaae17ed2fa1",
        "type": "github"
      },
      "original": {
        "owner": "numtide",
        "repo": "flake-utils",
        "type": "github"
      }
    },
    "watson-jira-next": {
      "inputs": {
        "nixpkgs": "nixpkgs_2",
        "utils": "utils_2"
      },
      "locked": {
        "lastModified": 1654978086,
        "narHash": "sha256-4JI4o8j6oqDk7cmAkvytTcOFLL+LsCE4B+J42yizNJA=",
        "owner": "PrimaMateria",
        "repo": "watson-jira-next",
        "rev": "6b5e4a4afbcdaa9077550d681a95df53af556426",
        "type": "github"
      },
      "original": {
        "owner": "PrimaMateria",
        "repo": "watson-jira-next",
        "type": "github"
      }
    }
  },
  "root": "root",
  "version": 7
}
