{
  "nodes": {
    "dmenu-primamateria": {
      "inputs": {
        "nixpkgs": [
          "nixpkgs"
        ]
      },
      "locked": {
        "lastModified": 1643238321,
        "narHash": "sha256-MMRn23SrkEXUmgNXSMIloSfvx5EOZUUyRdN4b0PvoQs=",
        "owner": "PrimaMateria",
        "repo": "dmenu",
        "rev": "a6ebf08b2357a8c5e881f18302cd28341c8e186c",
        "type": "github"
      },
      "original": {
        "owner": "PrimaMateria",
        "repo": "dmenu",
        "type": "github"
      }
    },
    "home-manager": {
      "inputs": {
        "nixpkgs": [
          "nixpkgs"
        ]
      },
      "locked": {
        "lastModified": 1647175256,
        "narHash": "sha256-7H+veXPM7IwdN1DoZqliwb9sghlN56koV5dnCu1kpsc=",
        "owner": "nix-community",
        "repo": "home-manager",
        "rev": "a8d00f5c038cf7ec54e7dac9c57b171c1217f008",
        "type": "github"
      },
      "original": {
        "owner": "nix-community",
        "ref": "release-21.11",
        "repo": "home-manager",
        "type": "github"
      }
    },
    "i3blocks-gcalcli": {
      "inputs": {
        "nixpkgs": [
          "nixpkgs"
        ]
      },
      "locked": {
        "lastModified": 1644784160,
        "narHash": "sha256-KXJH2Xxd8DmeY0mTvq9r/lTTlfLrBTtIeZhxAEFcD00=",
        "owner": "PrimaMateria",
        "repo": "i3blocks-gcalcli",
        "rev": "04069724084b23397161c0706eae254ade080f54",
        "type": "github"
      },
      "original": {
        "owner": "PrimaMateria",
        "repo": "i3blocks-gcalcli",
        "type": "github"
      }
    },
    "nixpkgs": {
      "locked": {
        "lastModified": 1647490331,
        "narHash": "sha256-Jcc+vHNDN3KDWuzGNTl3A24ICGovPneJDejiN2t57QI=",
        "owner": "NixOS",
        "repo": "nixpkgs",
        "rev": "2c66a7a6e036971c4847cca424125f55b9eb0b0b",
        "type": "github"
      },
      "original": {
        "id": "nixpkgs",
        "ref": "nixos-21.11",
        "type": "indirect"
      }
    },
    "root": {
      "inputs": {
        "dmenu-primamateria": "dmenu-primamateria",
        "home-manager": "home-manager",
        "i3blocks-gcalcli": "i3blocks-gcalcli",
        "nixpkgs": "nixpkgs"
      }
    }
  },
  "root": "root",
  "version": 7
}
